
Microsoft Visual Studio Solution File, Format Version 12.00
# Visual Studio Version 16
VisualStudioVersion = 16.0.29215.179
MinimumVisualStudioVersion = 10.0.40219.1
Project("{FAE04EC0-301F-11D3-BF4B-00C04F79EFBC}") = "CinemaLFS.Android", "CinemaLFS\CinemaLFS.Android\CinemaLFS.Android.csproj", "{9B2097CE-42E7-42CD-927C-7FF683C9351A}"
EndProject
Project("{FAE04EC0-301F-11D3-BF4B-00C04F79EFBC}") = "CinemaLFS", "CinemaLFS\CinemaLFS\CinemaLFS.csproj", "{9BDC7250-C425-474B-BB28-C1320AB1AA4D}"
EndProject
Global
	GlobalSection(SolutionConfigurationPlatforms) = preSolution
		Debug|Any CPU = Debug|Any CPU
		Release|Any CPU = Release|Any CPU
	EndGlobalSection
	GlobalSection(ProjectConfigurationPlatforms) = postSolution
		{9B2097CE-42E7-42CD-927C-7FF683C9351A}.Debug|Any CPU.ActiveCfg = Debug|Any CPU
		{9B2097CE-42E7-42CD-927C-7FF683C9351A}.Debug|Any CPU.Build.0 = Debug|Any CPU
		{9B2097CE-42E7-42CD-927C-7FF683C9351A}.Debug|Any CPU.Deploy.0 = Debug|Any CPU
		{9B2097CE-42E7-42CD-927C-7FF683C9351A}.Release|Any CPU.ActiveCfg = Release|Any CPU
		{9B2097CE-42E7-42CD-927C-7FF683C9351A}.Release|Any CPU.Build.0 = Release|Any CPU
		{9B2097CE-42E7-42CD-927C-7FF683C9351A}.Release|Any CPU.Deploy.0 = Release|Any CPU
		{9BDC7250-C425-474B-BB28-C1320AB1AA4D}.Debug|Any CPU.ActiveCfg = Debug|Any CPU
		{9BDC7250-C425-474B-BB28-C1320AB1AA4D}.Debug|Any CPU.Build.0 = Debug|Any CPU
		{9BDC7250-C425-474B-BB28-C1320AB1AA4D}.Debug|Any CPU.Deploy.0 = Debug|Any CPU
		{9BDC7250-C425-474B-BB28-C1320AB1AA4D}.Release|Any CPU.ActiveCfg = Release|Any CPU
		{9BDC7250-C425-474B-BB28-C1320AB1AA4D}.Release|Any CPU.Build.0 = Release|Any CPU
		{9BDC7250-C425-474B-BB28-C1320AB1AA4D}.Release|Any CPU.Deploy.0 = Release|Any CPU
	EndGlobalSection
	GlobalSection(SolutionProperties) = preSolution
		HideSolutionNode = FALSE
	EndGlobalSection
	GlobalSection(ExtensibilityGlobals) = postSolution
		SolutionGuid = {4B6BC050-CE2A-420E-AC01-378B3101CFC2}
	EndGlobalSection
EndGlobal
